{
  "name": "xcx-g2s",
  "version": "0.0.0",
  "lockfileVersion": 2,
  "requires": true,
  "packages": {
    "": {
      "name": "xcx-g2s",
      "version": "0.0.0",
      "dependencies": {
        "@serialport/stream": "^9.2.4",
        "serialport-binding-webserialapi": "^1.0.3"
      },
      "devDependencies": {
        "xcratch-register": "^0.3.0"
      }
    },
    "node_modules/@serialport/binding-abstract": {
      "version": "9.2.3",
      "resolved": "https://registry.npmjs.org/@serialport/binding-abstract/-/binding-abstract-9.2.3.tgz",
      "integrity": "sha512-cQs9tbIlG3P0IrOWyVirqlhWuJ7Ms2Zh9m2108z6Y5UW/iVj6wEOiW8EmK9QX9jmJXYllE7wgGgvVozP5oCj3w==",
      "dependencies": {
        "debug": "^4.3.2"
      },
      "engines": {
        "node": ">=10.0.0"
      },
      "funding": {
        "url": "https://opencollective.com/serialport/donate"
      }
    },
    "node_modules/@serialport/stream": {
      "version": "9.2.4",
      "resolved": "https://registry.npmjs.org/@serialport/stream/-/stream-9.2.4.tgz",
      "integrity": "sha512-bLye8Ub4vUFQGmkh8qEqehr7SE7EJs2yDs0h9jzuL5oKi+F34CFmWkEErO8GAOQ8YNn7p6b3GxUgs+0BrHHDZQ==",
      "dependencies": {
        "debug": "^4.3.2"
      },
      "engines": {
        "node": ">=10.0.0"
      },
      "funding": {
        "url": "https://opencollective.com/serialport/donate"
      }
    },
    "node_modules/debug": {
      "version": "4.3.2",
      "resolved": "https://registry.npmjs.org/debug/-/debug-4.3.2.tgz",
      "integrity": "sha512-mOp8wKcvj7XxC78zLgw/ZA+6TSgkoE2C/ienthhRD298T7UNwAg9diBpLRxC0mOezLl4B0xV7M0cCO6P/O0Xhw==",
      "dependencies": {
        "ms": "2.1.2"
      },
      "engines": {
        "node": ">=6.0"
      },
      "peerDependenciesMeta": {
        "supports-color": {
          "optional": true
        }
      }
    },
    "node_modules/ms": {
      "version": "2.1.2",
      "resolved": "https://registry.npmjs.org/ms/-/ms-2.1.2.tgz",
      "integrity": "sha512-sGkPx+VjMtmA6MX27oA4FBFELFCZZ4S4XqeGOXCv68tT+jb3vk/RyaKWP0PTKyWtmLSM0b+adUTEvbs1PEaH2w=="
    },
    "node_modules/serialport-binding-webserialapi": {
      "version": "1.0.3",
      "resolved": "https://registry.npmjs.org/serialport-binding-webserialapi/-/serialport-binding-webserialapi-1.0.3.tgz",
      "integrity": "sha512-TS7dsvetVoTeiWlzpsT/akjtljiYPO56FoJWSFyJSoO/E8icYJ2neQ7CW5NW/sHZDnMqAxULyAny47UFhWz9oQ==",
      "dependencies": {
        "@serialport/binding-abstract": "^9.0.2",
        "@serialport/stream": "^9.0.2"
      }
    },
    "node_modules/xcratch-register": {
      "version": "0.3.0",
      "resolved": "https://registry.npmjs.org/xcratch-register/-/xcratch-register-0.3.0.tgz",
      "integrity": "sha512-CNVu3O3slLhpPBXSRUNpMgY+W+IGhuBx7LV9VtOJDjMWy4rvhcvxDDJLKnuDY7qXQxqkw4JTUzBsBDk+TCMW9g==",
      "dev": true,
      "bin": {
        "xcratch-register": "bin/register.js"
      }
    }
  },
  "dependencies": {
    "@serialport/binding-abstract": {
      "version": "9.2.3",
      "resolved": "https://registry.npmjs.org/@serialport/binding-abstract/-/binding-abstract-9.2.3.tgz",
      "integrity": "sha512-cQs9tbIlG3P0IrOWyVirqlhWuJ7Ms2Zh9m2108z6Y5UW/iVj6wEOiW8EmK9QX9jmJXYllE7wgGgvVozP5oCj3w==",
      "requires": {
        "debug": "^4.3.2"
      }
    },
    "@serialport/stream": {
      "version": "9.2.4",
      "resolved": "https://registry.npmjs.org/@serialport/stream/-/stream-9.2.4.tgz",
      "integrity": "sha512-bLye8Ub4vUFQGmkh8qEqehr7SE7EJs2yDs0h9jzuL5oKi+F34CFmWkEErO8GAOQ8YNn7p6b3GxUgs+0BrHHDZQ==",
      "requires": {
        "debug": "^4.3.2"
      }
    },
    "debug": {
      "version": "4.3.2",
      "resolved": "https://registry.npmjs.org/debug/-/debug-4.3.2.tgz",
      "integrity": "sha512-mOp8wKcvj7XxC78zLgw/ZA+6TSgkoE2C/ienthhRD298T7UNwAg9diBpLRxC0mOezLl4B0xV7M0cCO6P/O0Xhw==",
      "requires": {
        "ms": "2.1.2"
      }
    },
    "ms": {
      "version": "2.1.2",
      "resolved": "https://registry.npmjs.org/ms/-/ms-2.1.2.tgz",
      "integrity": "sha512-sGkPx+VjMtmA6MX27oA4FBFELFCZZ4S4XqeGOXCv68tT+jb3vk/RyaKWP0PTKyWtmLSM0b+adUTEvbs1PEaH2w=="
    },
    "serialport-binding-webserialapi": {
      "version": "1.0.3",
      "resolved": "https://registry.npmjs.org/serialport-binding-webserialapi/-/serialport-binding-webserialapi-1.0.3.tgz",
      "integrity": "sha512-TS7dsvetVoTeiWlzpsT/akjtljiYPO56FoJWSFyJSoO/E8icYJ2neQ7CW5NW/sHZDnMqAxULyAny47UFhWz9oQ==",
      "requires": {
        "@serialport/binding-abstract": "^9.0.2",
        "@serialport/stream": "^9.0.2"
      }
    },
    "xcratch-register": {
      "version": "0.3.0",
      "resolved": "https://registry.npmjs.org/xcratch-register/-/xcratch-register-0.3.0.tgz",
      "integrity": "sha512-CNVu3O3slLhpPBXSRUNpMgY+W+IGhuBx7LV9VtOJDjMWy4rvhcvxDDJLKnuDY7qXQxqkw4JTUzBsBDk+TCMW9g==",
      "dev": true
    }
  }
}
